
Microsoft Visual Studio Solution File, Format Version 12.00
# Visual Studio Version 17
VisualStudioVersion = 17.9.34728.123
MinimumVisualStudioVersion = 10.0.40219.1
Project("{FAE04EC0-301F-11D3-BF4B-00C04F79EFBC}") = "DiceRollerLab", "DiceRollerLab.csproj", "{C20165F4-2C6F-4554-BD23-33773476891B}"
EndProject
Global
	GlobalSection(SolutionConfigurationPlatforms) = preSolution
		Debug|Any CPU = Debug|Any CPU
		Release|Any CPU = Release|Any CPU
	EndGlobalSection
	GlobalSection(ProjectConfigurationPlatforms) = postSolution
		{C20165F4-2C6F-4554-BD23-33773476891B}.Debug|Any CPU.ActiveCfg = Debug|Any CPU
		{C20165F4-2C6F-4554-BD23-33773476891B}.Debug|Any CPU.Build.0 = Debug|Any CPU
		{C20165F4-2C6F-4554-BD23-33773476891B}.Release|Any CPU.ActiveCfg = Release|Any CPU
		{C20165F4-2C6F-4554-BD23-33773476891B}.Release|Any CPU.Build.0 = Release|Any CPU
	EndGlobalSection
	GlobalSection(SolutionProperties) = preSolution
		HideSolutionNode = FALSE
	EndGlobalSection
	GlobalSection(ExtensibilityGlobals) = postSolution
		SolutionGuid = {28AD270C-FD82-40FD-AF1A-D96184569B36}
	EndGlobalSection
EndGlobal
