
Microsoft Visual Studio Solution File, Format Version 12.00
# Visual Studio Version 17
VisualStudioVersion = 17.10.35013.160
MinimumVisualStudioVersion = 10.0.40219.1
Project("{FAE04EC0-301F-11D3-BF4B-00C04F79EFBC}") = "MVC-StarterPack", "MVC-StarterPack\MVC-StarterPack.csproj", "{44BEC90D-CF1D-40F7-94AB-333E394BCBCD}"
EndProject
Global
	GlobalSection(SolutionConfigurationPlatforms) = preSolution
		Debug|Any CPU = Debug|Any CPU
		Release|Any CPU = Release|Any CPU
	EndGlobalSection
	GlobalSection(ProjectConfigurationPlatforms) = postSolution
		{44BEC90D-CF1D-40F7-94AB-333E394BCBCD}.Debug|Any CPU.ActiveCfg = Debug|Any CPU
		{44BEC90D-CF1D-40F7-94AB-333E394BCBCD}.Debug|Any CPU.Build.0 = Debug|Any CPU
		{44BEC90D-CF1D-40F7-94AB-333E394BCBCD}.Release|Any CPU.ActiveCfg = Release|Any CPU
		{44BEC90D-CF1D-40F7-94AB-333E394BCBCD}.Release|Any CPU.Build.0 = Release|Any CPU
	EndGlobalSection
	GlobalSection(SolutionProperties) = preSolution
		HideSolutionNode = FALSE
	EndGlobalSection
	GlobalSection(ExtensibilityGlobals) = postSolution
		SolutionGuid = {53B4B49E-BC6A-42A3-A5BF-A4C4C8FA6503}
	EndGlobalSection
EndGlobal
